<?xml version="1.0" encoding="utf-8"?>
<Project ToolsVersion="4.0" xmlns="http://schemas.microsoft.com/developer/msbuild/2003">
  <ItemGroup>
    <Filter Include="Source Files">
      <UniqueIdentifier>{4b52ab0a-ffe3-4de0-912e-291874c4f024}</UniqueIdentifier>
      <Extensions>cpp;c;cxx;rc;def;r;odl;idl;hpj;bat</Extensions>
    </Filter>
    <Filter Include="Header Files">
      <UniqueIdentifier>{6724530e-81ca-4979-a1b9-a7a1281ad02d}</UniqueIdentifier>
      <Extensions>h;hpp;hxx;hm;inl</Extensions>
    </Filter>
    <Filter Include="moc">
      <UniqueIdentifier>{ab2cd5dd-fe90-4172-9f6a-8171b81cf057}</UniqueIdentifier>
      <Extensions>cpp;c;cxx;rc;def;r;odl;idl;hpj;bat</Extensions>
    </Filter>
    <Filter Include="Resource Files">
      <UniqueIdentifier>{4d3aa3d1-953d-4e14-a8be-8bb36cb6baa3}</UniqueIdentifier>
      <Extensions>ico;cur;bmp;dlg;rc2;rct;bin;rgs;gif;jpg;jpeg;jpe</Extensions>
    </Filter>
  </ItemGroup>
  <ItemGroup>
    <ClCompile Include="ModuleManager.cpp">
      <Filter>Source Files</Filter>
    </ClCompile>
    <ClCompile Include="ParseStackBuilder.cpp">
      <Filter>Source Files</Filter>
    </ClCompile>
    <ClCompile Include="ProcessStack.cpp">
      <Filter>Source Files</Filter>
    </ClCompile>
    <ClCompile Include="ProcessStep.cpp">
      <Filter>Source Files</Filter>
    </ClCompile>
    <ClCompile Include="ProcessStepStatFunc.cpp">
      <Filter>Source Files</Filter>
    </ClCompile>
    <ClCompile Include="RasterCorrelator.cpp">
      <Filter>Source Files</Filter>
    </ClCompile>
    <ClCompile Include="RasterMathDlgImp.cpp">
      <Filter>Source Files</Filter>
    </ClCompile>
    <ClCompile Include="RasterMathException.cpp">
      <Filter>Source Files</Filter>
    </ClCompile>
    <ClCompile Include="RasterMathGrammar.cpp">
      <Filter>Source Files</Filter>
    </ClCompile>
    <ClCompile Include="RasterMathParser.cpp">
      <Filter>Source Files</Filter>
    </ClCompile>
    <ClCompile Include="RasterMathPlugIn.cpp">
      <Filter>Source Files</Filter>
    </ClCompile>
    <ClCompile Include="RasterMathProgress.cpp">
      <Filter>Source Files</Filter>
    </ClCompile>
    <ClCompile Include="RasterMathRunner.cpp">
      <Filter>Source Files</Filter>
    </ClCompile>
    <ClCompile Include="..\..\..\..\build\moc\rastermath\moc_RasterMathDlgImp.cpp">
      <Filter>moc</Filter>
    </ClCompile>
  </ItemGroup>
  <ItemGroup>
    <Run_UIC Include="RasterMathDlg.ui">
      <Filter>Source Files</Filter>
    </Run_UIC>
  </ItemGroup>
  <ItemGroup>
    <ClInclude Include="ParseStackBuilder.h">
      <Filter>Header Files</Filter>
    </ClInclude>
    <ClInclude Include="ProcessStack.h">
      <Filter>Header Files</Filter>
    </ClInclude>
    <ClInclude Include="ProcessStep.h">
      <Filter>Header Files</Filter>
    </ClInclude>
    <ClInclude Include="ProcessStepStatFunc.h">
      <Filter>Header Files</Filter>
    </ClInclude>
    <ClInclude Include="RasterCorrelator.h">
      <Filter>Header Files</Filter>
    </ClInclude>
    <ClInclude Include="RasterMathException.h">
      <Filter>Header Files</Filter>
    </ClInclude>
    <ClInclude Include="RasterMathGrammar.h">
      <Filter>Header Files</Filter>
    </ClInclude>
    <ClInclude Include="RasterMathParser.h">
      <Filter>Header Files</Filter>
    </ClInclude>
    <ClInclude Include="RasterMathPlugIn.h">
      <Filter>Header Files</Filter>
    </ClInclude>
    <ClInclude Include="RasterMathProgress.h">
      <Filter>Header Files</Filter>
    </ClInclude>
    <ClInclude Include="RasterMathRunner.h">
      <Filter>Header Files</Filter>
    </ClInclude>
    <ClInclude Include="..\..\..\..\build\uic\rastermath\ui_RasterMathDlg.h">
      <Filter>Header Files</Filter>
    </ClInclude>
  </ItemGroup>
  <ItemGroup>
    <CustomBuild Include="RasterMathDlgImp.h">
      <Filter>Header Files</Filter>
    </CustomBuild>
  </ItemGroup>
</Project>